{
    "_readme": [
        "This file locks the dependencies of your project to a known state",
        "Read more about it at https://getcomposer.org/doc/01-basic-usage.md#installing-dependencies",
        "This file is @generated automatically"
    ],
    "content-hash": "0626a89c2936c320d18f1816da1a87f2",
    "packages": [
        {
            "name": "jjgrainger/posttypes",
            "version": "dev-master",
            "source": {
                "type": "git",
                "url": "https://github.com/jjgrainger/PostTypes.git",
                "reference": "20f5a203316783a71ddfcd047ffebf1dc2bacb51"
            },
            "dist": {
                "type": "zip",
                "url": "https://api.github.com/repos/jjgrainger/PostTypes/zipball/20f5a203316783a71ddfcd047ffebf1dc2bacb51",
                "reference": "20f5a203316783a71ddfcd047ffebf1dc2bacb51",
                "shasum": ""
            },
            "require": {
                "php": ">=7.2"
            },
            "require-dev": {
                "phpunit/phpunit": "8.*",
                "squizlabs/php_codesniffer": "3.*"
            },
            "default-branch": true,
            "type": "library",
            "autoload": {
                "psr-4": {
                    "PostTypes\\": "src/"
                }
            },
            "notification-url": "https://packagist.org/downloads/",
            "license": [
                "MIT"
            ],
            "authors": [
                {
                    "name": "Joe Grainger",
                    "homepage": "https://jjgrainger.co.uk"
                }
            ],
            "description": "Simple WordPress custom post types.",
            "homepage": "https://posttypes.jjgrainger.co.uk",
            "keywords": [
                "post-types",
                "wordpress"
            ],
            "support": {
                "issues": "https://github.com/jjgrainger/posttypes/issues",
                "source": "https://github.com/jjgrainger/posttypes"
            },
            "time": "2022-05-21T14:15:12+00:00"
        },
        {
            "name": "mikehaertl/php-shellcommand",
            "version": "1.7.0",
            "source": {
                "type": "git",
                "url": "https://github.com/mikehaertl/php-shellcommand.git",
                "reference": "e79ea528be155ffdec6f3bf1a4a46307bb49e545"
            },
            "dist": {
                "type": "zip",
                "url": "https://api.github.com/repos/mikehaertl/php-shellcommand/zipball/e79ea528be155ffdec6f3bf1a4a46307bb49e545",
                "reference": "e79ea528be155ffdec6f3bf1a4a46307bb49e545",
                "shasum": ""
            },
            "require": {
                "php": ">= 5.3.0"
            },
            "require-dev": {
                "phpunit/phpunit": ">4.0 <=9.4"
            },
            "type": "library",
            "autoload": {
                "psr-4": {
                    "mikehaertl\\shellcommand\\": "src/"
                }
            },
            "notification-url": "https://packagist.org/downloads/",
            "license": [
                "MIT"
            ],
            "authors": [
                {
                    "name": "Michael Härtl",
                    "email": "haertl.mike@gmail.com"
                }
            ],
            "description": "An object oriented interface to shell commands",
            "keywords": [
                "shell"
            ],
            "support": {
                "issues": "https://github.com/mikehaertl/php-shellcommand/issues",
                "source": "https://github.com/mikehaertl/php-shellcommand/tree/1.7.0"
            },
            "time": "2023-04-19T08:25:22+00:00"
        },
        {
            "name": "mikehaertl/php-tmpfile",
            "version": "1.2.1",
            "source": {
                "type": "git",
                "url": "https://github.com/mikehaertl/php-tmpfile.git",
                "reference": "70a5b70b17bc0d9666388e6a551ecc93d0b40a10"
            },
            "dist": {
                "type": "zip",
                "url": "https://api.github.com/repos/mikehaertl/php-tmpfile/zipball/70a5b70b17bc0d9666388e6a551ecc93d0b40a10",
                "reference": "70a5b70b17bc0d9666388e6a551ecc93d0b40a10",
                "shasum": ""
            },
            "require-dev": {
                "php": ">=5.3.0",
                "phpunit/phpunit": ">4.0 <=9.4"
            },
            "type": "library",
            "autoload": {
                "psr-4": {
                    "mikehaertl\\tmp\\": "src/"
                }
            },
            "notification-url": "https://packagist.org/downloads/",
            "license": [
                "MIT"
            ],
            "authors": [
                {
                    "name": "Michael Härtl",
                    "email": "haertl.mike@gmail.com"
                }
            ],
            "description": "A convenience class for temporary files",
            "keywords": [
                "files"
            ],
            "support": {
                "issues": "https://github.com/mikehaertl/php-tmpfile/issues",
                "source": "https://github.com/mikehaertl/php-tmpfile/tree/1.2.1"
            },
            "time": "2021-03-01T18:26:25+00:00"
        },
        {
            "name": "mikehaertl/phpwkhtmltopdf",
            "version": "dev-master",
            "source": {
                "type": "git",
                "url": "https://github.com/mikehaertl/phpwkhtmltopdf.git",
                "reference": "3f9c96656259712324eda99978ccd90c79227203"
            },
            "dist": {
                "type": "zip",
                "url": "https://api.github.com/repos/mikehaertl/phpwkhtmltopdf/zipball/3f9c96656259712324eda99978ccd90c79227203",
                "reference": "3f9c96656259712324eda99978ccd90c79227203",
                "shasum": ""
            },
            "require": {
                "mikehaertl/php-shellcommand": "^1.5.0",
                "mikehaertl/php-tmpfile": "^1.2.1",
                "php": ">=5.0.0"
            },
            "require-dev": {
                "phpunit/phpunit": ">4.0 <9.4"
            },
            "default-branch": true,
            "type": "library",
            "autoload": {
                "psr-4": {
                    "mikehaertl\\wkhtmlto\\": "src"
                }
            },
            "notification-url": "https://packagist.org/downloads/",
            "license": [
                "MIT"
            ],
            "authors": [
                {
                    "name": "Michael Haertl",
                    "email": "haertl.mike@gmail.com"
                }
            ],
            "description": "A slim PHP wrapper around wkhtmltopdf with an easy to use and clean OOP interface",
            "homepage": "http://mikehaertl.github.com/phpwkhtmltopdf/",
            "keywords": [
                "pdf",
                "wkhtmltoimage",
                "wkhtmltopdf"
            ],
            "support": {
                "issues": "https://github.com/mikehaertl/phpwkhtmltopdf/issues",
                "source": "https://github.com/mikehaertl/phpwkhtmltopdf/tree/master"
            },
            "time": "2021-03-25T07:32:07+00:00"
        }
    ],
    "packages-dev": [],
    "aliases": [],
    "minimum-stability": "dev",
    "stability-flags": {
        "jjgrainger/posttypes": 20,
        "mikehaertl/phpwkhtmltopdf": 20
    },
    "prefer-stable": false,
    "prefer-lowest": false,
    "platform": {
        "php": ">5.2.4"
    },
    "platform-dev": [],
    "plugin-api-version": "2.3.0"
}
